// !$*UTF8*$!
{
	archiveVersion = 1;
	classes = {
	};
	objectVersion = 46;
	objects = {

/* Begin PBXBuildFile section */
		2603B4AA23080C7600A92C4A /* RNLibsignalProtocol.swift in Sources */ = {isa = PBXBuildFile; fileRef = 2603B4A923080C7600A92C4A /* RNLibsignalProtocol.swift */; };
		269137A723084C8C0082D4BD /* SignalProtocol.framework in Frameworks */ = {isa = PBXBuildFile; fileRef = 2691379E23084C730082D4BD /* SignalProtocol.framework */; };
		B3E7B58A1CC2AC0600A0062D /* RNLibsignalProtocol.m in Sources */ = {isa = PBXBuildFile; fileRef = B3E7B5891CC2AC0600A0062D /* RNLibsignalProtocol.m */; };
/* End PBXBuildFile section */

/* Begin PBXContainerItemProxy section */
		2691379D23084C730082D4BD /* PBXContainerItemProxy */ = {
			isa = PBXContainerItemProxy;
			containerPortal = 2691379423084C730082D4BD /* libsignal-protocol-swift.xcodeproj */;
			proxyType = 2;
			remoteGlobalIDString = CE1F0C35203467B3003F1C04;
			remoteInfo = "libsignal-protocol-swift iOS";
		};
		2691379F23084C730082D4BD /* PBXContainerItemProxy */ = {
			isa = PBXContainerItemProxy;
			containerPortal = 2691379423084C730082D4BD /* libsignal-protocol-swift.xcodeproj */;
			proxyType = 2;
			remoteGlobalIDString = CE1F0C5420346830003F1C04;
			remoteInfo = "libsignal-protocol-swift macOS";
		};
		269137A123084C730082D4BD /* PBXContainerItemProxy */ = {
			isa = PBXContainerItemProxy;
			containerPortal = 2691379423084C730082D4BD /* libsignal-protocol-swift.xcodeproj */;
			proxyType = 2;
			remoteGlobalIDString = CE1F0C612034685B003F1C04;
			remoteInfo = "libsignal-protocol-swift tvOS";
		};
		269137A323084C730082D4BD /* PBXContainerItemProxy */ = {
			isa = PBXContainerItemProxy;
			containerPortal = 2691379423084C730082D4BD /* libsignal-protocol-swift.xcodeproj */;
			proxyType = 2;
			remoteGlobalIDString = CE1F0C6E20346875003F1C04;
			remoteInfo = "libsignal-protocol-swift watchOS";
		};
		269137A523084C730082D4BD /* PBXContainerItemProxy */ = {
			isa = PBXContainerItemProxy;
			containerPortal = 2691379423084C730082D4BD /* libsignal-protocol-swift.xcodeproj */;
			proxyType = 2;
			remoteGlobalIDString = CE1F0C3E203467B3003F1C04;
			remoteInfo = "libsignal-protocol-swiftTests";
		};
		269137A823084CA60082D4BD /* PBXContainerItemProxy */ = {
			isa = PBXContainerItemProxy;
			containerPortal = 2691379423084C730082D4BD /* libsignal-protocol-swift.xcodeproj */;
			proxyType = 1;
			remoteGlobalIDString = CE1F0C34203467B3003F1C04;
			remoteInfo = "libsignal-protocol-swift iOS";
		};
/* End PBXContainerItemProxy section */

/* Begin PBXCopyFilesBuildPhase section */
		58B511D91A9E6C8500147676 /* CopyFiles */ = {
			isa = PBXCopyFilesBuildPhase;
			buildActionMask = 2147483647;
			dstPath = "include/$(PRODUCT_NAME)";
			dstSubfolderSpec = 16;
			files = (
			);
			runOnlyForDeploymentPostprocessing = 0;
		};
/* End PBXCopyFilesBuildPhase section */

/* Begin PBXFileReference section */
		134814201AA4EA6300B7C361 /* libRNLibsignalProtocol.a */ = {isa = PBXFileReference; explicitFileType = archive.ar; includeInIndex = 0; path = libRNLibsignalProtocol.a; sourceTree = BUILT_PRODUCTS_DIR; };
		2603B4A823080C7500A92C4A /* RNLibsignalProtocol-Bridging-Header.h */ = {isa = PBXFileReference; lastKnownFileType = sourcecode.c.h; path = "RNLibsignalProtocol-Bridging-Header.h"; sourceTree = "<group>"; };
		2603B4A923080C7600A92C4A /* RNLibsignalProtocol.swift */ = {isa = PBXFileReference; lastKnownFileType = sourcecode.swift; path = RNLibsignalProtocol.swift; sourceTree = "<group>"; };
		2691379423084C730082D4BD /* libsignal-protocol-swift.xcodeproj */ = {isa = PBXFileReference; lastKnownFileType = "wrapper.pb-project"; name = "libsignal-protocol-swift.xcodeproj"; path = "libsignal-protocol-swift-master/libsignal-protocol-swift.xcodeproj"; sourceTree = "<group>"; };
		B3E7B5891CC2AC0600A0062D /* RNLibsignalProtocol.m */ = {isa = PBXFileReference; fileEncoding = 4; lastKnownFileType = sourcecode.c.objc; path = RNLibsignalProtocol.m; sourceTree = "<group>"; };
/* End PBXFileReference section */

/* Begin PBXFrameworksBuildPhase section */
		58B511D81A9E6C8500147676 /* Frameworks */ = {
			isa = PBXFrameworksBuildPhase;
			buildActionMask = 2147483647;
			files = (
				269137A723084C8C0082D4BD /* SignalProtocol.framework in Frameworks */,
			);
			runOnlyForDeploymentPostprocessing = 0;
		};
/* End PBXFrameworksBuildPhase section */

/* Begin PBXGroup section */
		134814211AA4EA7D00B7C361 /* Products */ = {
			isa = PBXGroup;
			children = (
				134814201AA4EA6300B7C361 /* libRNLibsignalProtocol.a */,
			);
			name = Products;
			sourceTree = "<group>";
		};
		26913790230846940082D4BD /* Frameworks */ = {
			isa = PBXGroup;
			children = (
			);
			name = Frameworks;
			sourceTree = "<group>";
		};
		2691379523084C730082D4BD /* Products */ = {
			isa = PBXGroup;
			children = (
				2691379E23084C730082D4BD /* SignalProtocol.framework */,
				269137A023084C730082D4BD /* SignalProtocol.framework */,
				269137A223084C730082D4BD /* SignalProtocol.framework */,
				269137A423084C730082D4BD /* SignalProtocol.framework */,
				269137A623084C730082D4BD /* libsignal-protocol-swiftTests.xctest */,
			);
			name = Products;
			sourceTree = "<group>";
		};
		58B511D21A9E6C8500147676 = {
			isa = PBXGroup;
			children = (
				2691379423084C730082D4BD /* libsignal-protocol-swift.xcodeproj */,
				2603B4A923080C7600A92C4A /* RNLibsignalProtocol.swift */,
				B3E7B5891CC2AC0600A0062D /* RNLibsignalProtocol.m */,
				134814211AA4EA7D00B7C361 /* Products */,
				2603B4A823080C7500A92C4A /* RNLibsignalProtocol-Bridging-Header.h */,
				26913790230846940082D4BD /* Frameworks */,
			);
			sourceTree = "<group>";
		};
/* End PBXGroup section */

/* Begin PBXNativeTarget section */
		58B511DA1A9E6C8500147676 /* RNLibsignalProtocol */ = {
			isa = PBXNativeTarget;
			buildConfigurationList = 58B511EF1A9E6C8500147676 /* Build configuration list for PBXNativeTarget "RNLibsignalProtocol" */;
			buildPhases = (
				58B511D71A9E6C8500147676 /* Sources */,
				58B511D81A9E6C8500147676 /* Frameworks */,
				58B511D91A9E6C8500147676 /* CopyFiles */,
			);
			buildRules = (
			);
			dependencies = (
				269137A923084CA60082D4BD /* PBXTargetDependency */,
			);
			name = RNLibsignalProtocol;
			productName = RCTDataManager;
			productReference = 134814201AA4EA6300B7C361 /* libRNLibsignalProtocol.a */;
			productType = "com.apple.product-type.library.static";
		};
/* End PBXNativeTarget section */

/* Begin PBXProject section */
		58B511D31A9E6C8500147676 /* Project object */ = {
			isa = PBXProject;
			attributes = {
				LastUpgradeCheck = 0830;
				ORGANIZATIONNAME = Facebook;
				TargetAttributes = {
					58B511DA1A9E6C8500147676 = {
						CreatedOnToolsVersion = 6.1.1;
						LastSwiftMigration = 1020;
					};
				};
			};
			buildConfigurationList = 58B511D61A9E6C8500147676 /* Build configuration list for PBXProject "RNLibsignalProtocol" */;
			compatibilityVersion = "Xcode 3.2";
			developmentRegion = English;
			hasScannedForEncodings = 0;
			knownRegions = (
				English,
				en,
			);
			mainGroup = 58B511D21A9E6C8500147676;
			productRefGroup = 58B511D21A9E6C8500147676;
			projectDirPath = "";
			projectReferences = (
				{
					ProductGroup = 2691379523084C730082D4BD /* Products */;
					ProjectRef = 2691379423084C730082D4BD /* libsignal-protocol-swift.xcodeproj */;
				},
			);
			projectRoot = "";
			targets = (
				58B511DA1A9E6C8500147676 /* RNLibsignalProtocol */,
			);
		};
/* End PBXProject section */

/* Begin PBXReferenceProxy section */
		2691379E23084C730082D4BD /* SignalProtocol.framework */ = {
			isa = PBXReferenceProxy;
			fileType = wrapper.framework;
			path = SignalProtocol.framework;
			remoteRef = 2691379D23084C730082D4BD /* PBXContainerItemProxy */;
			sourceTree = BUILT_PRODUCTS_DIR;
		};
		269137A023084C730082D4BD /* SignalProtocol.framework */ = {
			isa = PBXReferenceProxy;
			fileType = wrapper.framework;
			path = SignalProtocol.framework;
			remoteRef = 2691379F23084C730082D4BD /* PBXContainerItemProxy */;
			sourceTree = BUILT_PRODUCTS_DIR;
		};
		269137A223084C730082D4BD /* SignalProtocol.framework */ = {
			isa = PBXReferenceProxy;
			fileType = wrapper.framework;
			path = SignalProtocol.framework;
			remoteRef = 269137A123084C730082D4BD /* PBXContainerItemProxy */;
			sourceTree = BUILT_PRODUCTS_DIR;
		};
		269137A423084C730082D4BD /* SignalProtocol.framework */ = {
			isa = PBXReferenceProxy;
			fileType = wrapper.framework;
			path = SignalProtocol.framework;
			remoteRef = 269137A323084C730082D4BD /* PBXContainerItemProxy */;
			sourceTree = BUILT_PRODUCTS_DIR;
		};
		269137A623084C730082D4BD /* libsignal-protocol-swiftTests.xctest */ = {
			isa = PBXReferenceProxy;
			fileType = wrapper.cfbundle;
			path = "libsignal-protocol-swiftTests.xctest";
			remoteRef = 269137A523084C730082D4BD /* PBXContainerItemProxy */;
			sourceTree = BUILT_PRODUCTS_DIR;
		};
/* End PBXReferenceProxy section */

/* Begin PBXSourcesBuildPhase section */
		58B511D71A9E6C8500147676 /* Sources */ = {
			isa = PBXSourcesBuildPhase;
			buildActionMask = 2147483647;
			files = (
				B3E7B58A1CC2AC0600A0062D /* RNLibsignalProtocol.m in Sources */,
				2603B4AA23080C7600A92C4A /* RNLibsignalProtocol.swift in Sources */,
			);
			runOnlyForDeploymentPostprocessing = 0;
		};
/* End PBXSourcesBuildPhase section */

/* Begin PBXTargetDependency section */
		269137A923084CA60082D4BD /* PBXTargetDependency */ = {
			isa = PBXTargetDependency;
			name = "libsignal-protocol-swift iOS";
			targetProxy = 269137A823084CA60082D4BD /* PBXContainerItemProxy */;
		};
/* End PBXTargetDependency section */

/* Begin XCBuildConfiguration section */
		58B511ED1A9E6C8500147676 /* Debug */ = {
			isa = XCBuildConfiguration;
			buildSettings = {
				ALWAYS_SEARCH_USER_PATHS = NO;
				CLANG_CXX_LANGUAGE_STANDARD = "gnu++0x";
				CLANG_CXX_LIBRARY = "libc++";
				CLANG_ENABLE_MODULES = YES;
				CLANG_ENABLE_OBJC_ARC = YES;
				CLANG_WARN_BOOL_CONVERSION = YES;
				CLANG_WARN_CONSTANT_CONVERSION = YES;
				CLANG_WARN_DIRECT_OBJC_ISA_USAGE = YES_ERROR;
				CLANG_WARN_EMPTY_BODY = YES;
				CLANG_WARN_ENUM_CONVERSION = YES;
				CLANG_WARN_INFINITE_RECURSION = YES;
				CLANG_WARN_INT_CONVERSION = YES;
				CLANG_WARN_OBJC_ROOT_CLASS = YES_ERROR;
				CLANG_WARN_SUSPICIOUS_MOVE = YES;
				CLANG_WARN_UNREACHABLE_CODE = YES;
				CLANG_WARN__DUPLICATE_METHOD_MATCH = YES;
				COPY_PHASE_STRIP = NO;
				ENABLE_STRICT_OBJC_MSGSEND = YES;
				ENABLE_TESTABILITY = YES;
				GCC_C_LANGUAGE_STANDARD = gnu99;
				GCC_DYNAMIC_NO_PIC = NO;
				GCC_NO_COMMON_BLOCKS = YES;
				GCC_OPTIMIZATION_LEVEL = 0;
				GCC_PREPROCESSOR_DEFINITIONS = (
					"DEBUG=1",
					"$(inherited)",
				);
				GCC_SYMBOLS_PRIVATE_EXTERN = NO;
				GCC_WARN_64_TO_32_BIT_CONVERSION = YES;
				GCC_WARN_ABOUT_RETURN_TYPE = YES_ERROR;
				GCC_WARN_UNDECLARED_SELECTOR = YES;
				GCC_WARN_UNINITIALIZED_AUTOS = YES_AGGRESSIVE;
				GCC_WARN_UNUSED_FUNCTION = YES;
				GCC_WARN_UNUSED_VARIABLE = YES;
				IPHONEOS_DEPLOYMENT_TARGET = 9.0;
				MTL_ENABLE_DEBUG_INFO = YES;
				ONLY_ACTIVE_ARCH = YES;
				SDKROOT = iphoneos;
			};
			name = Debug;
		};
		58B511EE1A9E6C8500147676 /* Release */ = {
			isa = XCBuildConfiguration;
			buildSettings = {
				ALWAYS_SEARCH_USER_PATHS = NO;
				CLANG_CXX_LANGUAGE_STANDARD = "gnu++0x";
				CLANG_CXX_LIBRARY = "libc++";
				CLANG_ENABLE_MODULES = YES;
				CLANG_ENABLE_OBJC_ARC = YES;
				CLANG_WARN_BOOL_CONVERSION = YES;
				CLANG_WARN_CONSTANT_CONVERSION = YES;
				CLANG_WARN_DIRECT_OBJC_ISA_USAGE = YES_ERROR;
				CLANG_WARN_EMPTY_BODY = YES;
				CLANG_WARN_ENUM_CONVERSION = YES;
				CLANG_WARN_INFINITE_RECURSION = YES;
				CLANG_WARN_INT_CONVERSION = YES;
				CLANG_WARN_OBJC_ROOT_CLASS = YES_ERROR;
				CLANG_WARN_SUSPICIOUS_MOVE = YES;
				CLANG_WARN_UNREACHABLE_CODE = YES;
				CLANG_WARN__DUPLICATE_METHOD_MATCH = YES;
				COPY_PHASE_STRIP = YES;
				ENABLE_NS_ASSERTIONS = NO;
				ENABLE_STRICT_OBJC_MSGSEND = YES;
				GCC_C_LANGUAGE_STANDARD = gnu99;
				GCC_NO_COMMON_BLOCKS = YES;
				GCC_WARN_64_TO_32_BIT_CONVERSION = YES;
				GCC_WARN_ABOUT_RETURN_TYPE = YES_ERROR;
				GCC_WARN_UNDECLARED_SELECTOR = YES;
				GCC_WARN_UNINITIALIZED_AUTOS = YES_AGGRESSIVE;
				GCC_WARN_UNUSED_FUNCTION = YES;
				GCC_WARN_UNUSED_VARIABLE = YES;
				IPHONEOS_DEPLOYMENT_TARGET = 9.0;
				MTL_ENABLE_DEBUG_INFO = NO;
				SDKROOT = iphoneos;
				VALIDATE_PRODUCT = YES;
			};
			name = Release;
		};
		58B511F01A9E6C8500147676 /* Debug */ = {
			isa = XCBuildConfiguration;
			buildSettings = {
				CLANG_ENABLE_MODULES = YES;
				HEADER_SEARCH_PATHS = (
					"$(inherited)",
					/Applications/Xcode.app/Contents/Developer/Toolchains/XcodeDefault.xctoolchain/usr/include,
				);
				IPHONEOS_DEPLOYMENT_TARGET = 11.3;
				LD_RUNPATH_SEARCH_PATHS = "$(inherited) @executable_path/Frameworks @loader_path/Frameworks";
				LIBRARY_SEARCH_PATHS = "$(inherited)";
				OTHER_LDFLAGS = "-ObjC";
				PRODUCT_NAME = RNLibsignalProtocol;
				SKIP_INSTALL = YES;
				SWIFT_OBJC_BRIDGING_HEADER = "RNLibsignalProtocol-Bridging-Header.h";
				SWIFT_OPTIMIZATION_LEVEL = "-Onone";
				SWIFT_VERSION = 5.0;
			};
			name = Debug;
		};
		58B511F11A9E6C8500147676 /* Release */ = {
			isa = XCBuildConfiguration;
			buildSettings = {
				CLANG_ENABLE_MODULES = YES;
				HEADER_SEARCH_PATHS = (
					"$(inherited)",
					/Applications/Xcode.app/Contents/Developer/Toolchains/XcodeDefault.xctoolchain/usr/include,
				);
				IPHONEOS_DEPLOYMENT_TARGET = 11.3;
				LD_RUNPATH_SEARCH_PATHS = "$(inherited) @executable_path/Frameworks @loader_path/Frameworks";
				LIBRARY_SEARCH_PATHS = "$(inherited)";
				OTHER_LDFLAGS = "-ObjC";
				PRODUCT_NAME = RNLibsignalProtocol;
				SKIP_INSTALL = YES;
				SWIFT_OBJC_BRIDGING_HEADER = "RNLibsignalProtocol-Bridging-Header.h";
				SWIFT_VERSION = 5.0;
			};
			name = Release;
		};
/* End XCBuildConfiguration section */

/* Begin XCConfigurationList section */
		58B511D61A9E6C8500147676 /* Build configuration list for PBXProject "RNLibsignalProtocol" */ = {
			isa = XCConfigurationList;
			buildConfigurations = (
				58B511ED1A9E6C8500147676 /* Debug */,
				58B511EE1A9E6C8500147676 /* Release */,
			);
			defaultConfigurationIsVisible = 0;
			defaultConfigurationName = Release;
		};
		58B511EF1A9E6C8500147676 /* Build configuration list for PBXNativeTarget "RNLibsignalProtocol" */ = {
			isa = XCConfigurationList;
			buildConfigurations = (
				58B511F01A9E6C8500147676 /* Debug */,
				58B511F11A9E6C8500147676 /* Release */,
			);
			defaultConfigurationIsVisible = 0;
			defaultConfigurationName = Release;
		};
/* End XCConfigurationList section */
	};
	rootObject = 58B511D31A9E6C8500147676 /* Project object */;
}
